
Microsoft Visual Studio Solution File, Format Version 11.00
# Visual Studio 2010
Project("{FAE04EC0-301F-11D3-BF4B-00C04F79EFBC}") = "RssMixxxer", "src\RssMixxxer\RssMixxxer.csproj", "{29FCD44D-8D9E-4737-89BD-B4FB8938DF6F}"
EndProject
Project("{FAE04EC0-301F-11D3-BF4B-00C04F79EFBC}") = "RssMixxxer.Tests", "src\RssMixxxer.Tests\RssMixxxer.Tests.csproj", "{4F701265-5B08-44EF-8E4D-836BA366BEBA}"
EndProject
Global
	GlobalSection(SolutionConfigurationPlatforms) = preSolution
		Debug|Any CPU = Debug|Any CPU
		Release|Any CPU = Release|Any CPU
	EndGlobalSection
	GlobalSection(ProjectConfigurationPlatforms) = postSolution
		{29FCD44D-8D9E-4737-89BD-B4FB8938DF6F}.Debug|Any CPU.ActiveCfg = Debug|Any CPU
		{29FCD44D-8D9E-4737-89BD-B4FB8938DF6F}.Debug|Any CPU.Build.0 = Debug|Any CPU
		{29FCD44D-8D9E-4737-89BD-B4FB8938DF6F}.Release|Any CPU.ActiveCfg = Release|Any CPU
		{29FCD44D-8D9E-4737-89BD-B4FB8938DF6F}.Release|Any CPU.Build.0 = Release|Any CPU
		{4F701265-5B08-44EF-8E4D-836BA366BEBA}.Debug|Any CPU.ActiveCfg = Debug|Any CPU
		{4F701265-5B08-44EF-8E4D-836BA366BEBA}.Debug|Any CPU.Build.0 = Debug|Any CPU
		{4F701265-5B08-44EF-8E4D-836BA366BEBA}.Release|Any CPU.ActiveCfg = Release|Any CPU
		{4F701265-5B08-44EF-8E4D-836BA366BEBA}.Release|Any CPU.Build.0 = Release|Any CPU
	EndGlobalSection
	GlobalSection(SolutionProperties) = preSolution
		HideSolutionNode = FALSE
	EndGlobalSection
EndGlobal
